
Microsoft Visual Studio Solution File, Format Version 12.00
# Visual Studio 15
VisualStudioVersion = 15.0.28307.779
MinimumVisualStudioVersion = 10.0.40219.1
Project("{FAE04EC0-301F-11D3-BF4B-00C04F79EFBC}") = "Jujnjuria.App", "JujnjuriaApp\Jujnjuria.App.csproj", "{B8EE298F-1DB5-42C7-AD4C-9AFD8AF5DE57}"
EndProject
Project("{FAE04EC0-301F-11D3-BF4B-00C04F79EFBC}") = "Junjuria.Infrastructure.Data", "Junjuria.Infrastructure.Data\Junjuria.Infrastructure.Data.csproj", "{1EB02C66-81B1-4185-8B5E-03E84766D820}"
EndProject
Project("{FAE04EC0-301F-11D3-BF4B-00C04F79EFBC}") = "Junjuria.Infrastructure.Models", "Junjuria.Infrastructure.Models\Junjuria.Infrastructure.Models.csproj", "{5551BBA0-EE50-44D4-9333-DE85BA0E471E}"
EndProject
Project("{FAE04EC0-301F-11D3-BF4B-00C04F79EFBC}") = "Junjuria.Services_Contstants", "Junjuria.Services_Contstants\Junjuria.Services_Contstants.csproj", "{503C7980-3E97-475D-9468-831AEBE0EF37}"
EndProject
Global
	GlobalSection(SolutionConfigurationPlatforms) = preSolution
		Debug|Any CPU = Debug|Any CPU
		Release|Any CPU = Release|Any CPU
	EndGlobalSection
	GlobalSection(ProjectConfigurationPlatforms) = postSolution
		{B8EE298F-1DB5-42C7-AD4C-9AFD8AF5DE57}.Debug|Any CPU.ActiveCfg = Debug|Any CPU
		{B8EE298F-1DB5-42C7-AD4C-9AFD8AF5DE57}.Debug|Any CPU.Build.0 = Debug|Any CPU
		{B8EE298F-1DB5-42C7-AD4C-9AFD8AF5DE57}.Release|Any CPU.ActiveCfg = Release|Any CPU
		{B8EE298F-1DB5-42C7-AD4C-9AFD8AF5DE57}.Release|Any CPU.Build.0 = Release|Any CPU
		{1EB02C66-81B1-4185-8B5E-03E84766D820}.Debug|Any CPU.ActiveCfg = Debug|Any CPU
		{1EB02C66-81B1-4185-8B5E-03E84766D820}.Debug|Any CPU.Build.0 = Debug|Any CPU
		{1EB02C66-81B1-4185-8B5E-03E84766D820}.Release|Any CPU.ActiveCfg = Release|Any CPU
		{1EB02C66-81B1-4185-8B5E-03E84766D820}.Release|Any CPU.Build.0 = Release|Any CPU
		{5551BBA0-EE50-44D4-9333-DE85BA0E471E}.Debug|Any CPU.ActiveCfg = Debug|Any CPU
		{5551BBA0-EE50-44D4-9333-DE85BA0E471E}.Debug|Any CPU.Build.0 = Debug|Any CPU
		{5551BBA0-EE50-44D4-9333-DE85BA0E471E}.Release|Any CPU.ActiveCfg = Release|Any CPU
		{5551BBA0-EE50-44D4-9333-DE85BA0E471E}.Release|Any CPU.Build.0 = Release|Any CPU
		{503C7980-3E97-475D-9468-831AEBE0EF37}.Debug|Any CPU.ActiveCfg = Debug|Any CPU
		{503C7980-3E97-475D-9468-831AEBE0EF37}.Debug|Any CPU.Build.0 = Debug|Any CPU
		{503C7980-3E97-475D-9468-831AEBE0EF37}.Release|Any CPU.ActiveCfg = Release|Any CPU
		{503C7980-3E97-475D-9468-831AEBE0EF37}.Release|Any CPU.Build.0 = Release|Any CPU
	EndGlobalSection
	GlobalSection(SolutionProperties) = preSolution
		HideSolutionNode = FALSE
	EndGlobalSection
	GlobalSection(ExtensibilityGlobals) = postSolution
		SolutionGuid = {D5541045-3007-438A-810C-C9149ADF07E8}
	EndGlobalSection
EndGlobal
